// !$*UTF8*$!
{
	archiveVersion = 1;
	classes = {
	};
	objectVersion = 46;
	objects = {

/* Begin PBXBuildFile section */
		C01B788C1F0ECE2A00C45440 /* Book.swift in Sources */ = {isa = PBXBuildFile; fileRef = C01B78891F0ECE2A00C45440 /* Book.swift */; };
		C01B788D1F0ECE2A00C45440 /* BookView.swift in Sources */ = {isa = PBXBuildFile; fileRef = C01B788A1F0ECE2A00C45440 /* BookView.swift */; };
		C01B788E1F0ECE2A00C45440 /* BookNib.xib in Resources */ = {isa = PBXBuildFile; fileRef = C01B788B1F0ECE2A00C45440 /* BookNib.xib */; };
		C01B78961F0ED52600C45440 /* DownloadHelper.swift in Sources */ = {isa = PBXBuildFile; fileRef = C01B78941F0ED52600C45440 /* DownloadHelper.swift */; };
		C01B78971F0ED52600C45440 /* SplitHelper.swift in Sources */ = {isa = PBXBuildFile; fileRef = C01B78951F0ED52600C45440 /* SplitHelper.swift */; };
		C01B78991F14BD3100C45440 /* Extensions.swift in Sources */ = {isa = PBXBuildFile; fileRef = C01B78981F14BD3100C45440 /* Extensions.swift */; };
		C0F791FD1EF9C64F00DEE24C /* AppDelegate.swift in Sources */ = {isa = PBXBuildFile; fileRef = C0F791FC1EF9C64F00DEE24C /* AppDelegate.swift */; };
		C0F791FF1EF9C64F00DEE24C /* ViewController.swift in Sources */ = {isa = PBXBuildFile; fileRef = C0F791FE1EF9C64F00DEE24C /* ViewController.swift */; };
		C0F792021EF9C64F00DEE24C /* Main.storyboard in Resources */ = {isa = PBXBuildFile; fileRef = C0F792001EF9C64F00DEE24C /* Main.storyboard */; };
		C0F792051EF9C64F00DEE24C /* ZentityTask.xcdatamodeld in Sources */ = {isa = PBXBuildFile; fileRef = C0F792031EF9C64F00DEE24C /* ZentityTask.xcdatamodeld */; };
		C0F792071EF9C64F00DEE24C /* Assets.xcassets in Resources */ = {isa = PBXBuildFile; fileRef = C0F792061EF9C64F00DEE24C /* Assets.xcassets */; };
		C0F7920A1EF9C64F00DEE24C /* LaunchScreen.storyboard in Resources */ = {isa = PBXBuildFile; fileRef = C0F792081EF9C64F00DEE24C /* LaunchScreen.storyboard */; };
		C0F792121EF9CC8400DEE24C /* ShelfTableViewCell.swift in Sources */ = {isa = PBXBuildFile; fileRef = C0F792111EF9CC8400DEE24C /* ShelfTableViewCell.swift */; };
/* End PBXBuildFile section */

/* Begin PBXFileReference section */
		C01B78891F0ECE2A00C45440 /* Book.swift */ = {isa = PBXFileReference; fileEncoding = 4; lastKnownFileType = sourcecode.swift; path = Book.swift; sourceTree = "<group>"; };
		C01B788A1F0ECE2A00C45440 /* BookView.swift */ = {isa = PBXFileReference; fileEncoding = 4; lastKnownFileType = sourcecode.swift; path = BookView.swift; sourceTree = "<group>"; };
		C01B788B1F0ECE2A00C45440 /* BookNib.xib */ = {isa = PBXFileReference; fileEncoding = 4; lastKnownFileType = file.xib; path = BookNib.xib; sourceTree = "<group>"; };
		C01B78941F0ED52600C45440 /* DownloadHelper.swift */ = {isa = PBXFileReference; fileEncoding = 4; lastKnownFileType = sourcecode.swift; path = DownloadHelper.swift; sourceTree = "<group>"; };
		C01B78951F0ED52600C45440 /* SplitHelper.swift */ = {isa = PBXFileReference; fileEncoding = 4; lastKnownFileType = sourcecode.swift; path = SplitHelper.swift; sourceTree = "<group>"; };
		C01B78981F14BD3100C45440 /* Extensions.swift */ = {isa = PBXFileReference; fileEncoding = 4; lastKnownFileType = sourcecode.swift; path = Extensions.swift; sourceTree = "<group>"; };
		C0F791F91EF9C64F00DEE24C /* ZentityTask.app */ = {isa = PBXFileReference; explicitFileType = wrapper.application; includeInIndex = 0; path = ZentityTask.app; sourceTree = BUILT_PRODUCTS_DIR; };
		C0F791FC1EF9C64F00DEE24C /* AppDelegate.swift */ = {isa = PBXFileReference; lastKnownFileType = sourcecode.swift; path = AppDelegate.swift; sourceTree = "<group>"; };
		C0F791FE1EF9C64F00DEE24C /* ViewController.swift */ = {isa = PBXFileReference; lastKnownFileType = sourcecode.swift; path = ViewController.swift; sourceTree = "<group>"; };
		C0F792011EF9C64F00DEE24C /* Base */ = {isa = PBXFileReference; lastKnownFileType = file.storyboard; name = Base; path = Base.lproj/Main.storyboard; sourceTree = "<group>"; };
		C0F792041EF9C64F00DEE24C /* ZentityTask.xcdatamodel */ = {isa = PBXFileReference; lastKnownFileType = wrapper.xcdatamodel; path = ZentityTask.xcdatamodel; sourceTree = "<group>"; };
		C0F792061EF9C64F00DEE24C /* Assets.xcassets */ = {isa = PBXFileReference; lastKnownFileType = folder.assetcatalog; path = Assets.xcassets; sourceTree = "<group>"; };
		C0F792091EF9C64F00DEE24C /* Base */ = {isa = PBXFileReference; lastKnownFileType = file.storyboard; name = Base; path = Base.lproj/LaunchScreen.storyboard; sourceTree = "<group>"; };
		C0F7920B1EF9C64F00DEE24C /* Info.plist */ = {isa = PBXFileReference; lastKnownFileType = text.plist.xml; path = Info.plist; sourceTree = "<group>"; };
		C0F792111EF9CC8400DEE24C /* ShelfTableViewCell.swift */ = {isa = PBXFileReference; fileEncoding = 4; lastKnownFileType = sourcecode.swift; path = ShelfTableViewCell.swift; sourceTree = "<group>"; };
/* End PBXFileReference section */

/* Begin PBXFrameworksBuildPhase section */
		C0F791F61EF9C64F00DEE24C /* Frameworks */ = {
			isa = PBXFrameworksBuildPhase;
			buildActionMask = 2147483647;
			files = (
			);
			runOnlyForDeploymentPostprocessing = 0;
		};
/* End PBXFrameworksBuildPhase section */

/* Begin PBXGroup section */
		C01B78881F0ECE2A00C45440 /* Book */ = {
			isa = PBXGroup;
			children = (
				C01B78891F0ECE2A00C45440 /* Book.swift */,
				C01B788A1F0ECE2A00C45440 /* BookView.swift */,
				C01B788B1F0ECE2A00C45440 /* BookNib.xib */,
			);
			path = Book;
			sourceTree = "<group>";
		};
		C01B78931F0ED52600C45440 /* Helpers */ = {
			isa = PBXGroup;
			children = (
				C01B78941F0ED52600C45440 /* DownloadHelper.swift */,
				C01B78951F0ED52600C45440 /* SplitHelper.swift */,
			);
			path = Helpers;
			sourceTree = "<group>";
		};
		C0F791F01EF9C64F00DEE24C = {
			isa = PBXGroup;
			children = (
				C0F791FB1EF9C64F00DEE24C /* ZentityTask */,
				C0F791FA1EF9C64F00DEE24C /* Products */,
			);
			sourceTree = "<group>";
		};
		C0F791FA1EF9C64F00DEE24C /* Products */ = {
			isa = PBXGroup;
			children = (
				C0F791F91EF9C64F00DEE24C /* ZentityTask.app */,
			);
			name = Products;
			sourceTree = "<group>";
		};
		C0F791FB1EF9C64F00DEE24C /* ZentityTask */ = {
			isa = PBXGroup;
			children = (
				C01B78931F0ED52600C45440 /* Helpers */,
				C01B78881F0ECE2A00C45440 /* Book */,
				C0F791FC1EF9C64F00DEE24C /* AppDelegate.swift */,
				C0F791FE1EF9C64F00DEE24C /* ViewController.swift */,
				C0F792111EF9CC8400DEE24C /* ShelfTableViewCell.swift */,
				C01B78981F14BD3100C45440 /* Extensions.swift */,
				C0F792001EF9C64F00DEE24C /* Main.storyboard */,
				C0F792061EF9C64F00DEE24C /* Assets.xcassets */,
				C0F792081EF9C64F00DEE24C /* LaunchScreen.storyboard */,
				C0F7920B1EF9C64F00DEE24C /* Info.plist */,
				C0F792031EF9C64F00DEE24C /* ZentityTask.xcdatamodeld */,
			);
			path = ZentityTask;
			sourceTree = "<group>";
		};
/* End PBXGroup section */

/* Begin PBXNativeTarget section */
		C0F791F81EF9C64F00DEE24C /* ZentityTask */ = {
			isa = PBXNativeTarget;
			buildConfigurationList = C0F7920E1EF9C64F00DEE24C /* Build configuration list for PBXNativeTarget "ZentityTask" */;
			buildPhases = (
				C0F791F51EF9C64F00DEE24C /* Sources */,
				C0F791F61EF9C64F00DEE24C /* Frameworks */,
				C0F791F71EF9C64F00DEE24C /* Resources */,
			);
			buildRules = (
			);
			dependencies = (
			);
			name = ZentityTask;
			productName = ZentityTask;
			productReference = C0F791F91EF9C64F00DEE24C /* ZentityTask.app */;
			productType = "com.apple.product-type.application";
		};
/* End PBXNativeTarget section */

/* Begin PBXProject section */
		C0F791F11EF9C64F00DEE24C /* Project object */ = {
			isa = PBXProject;
			attributes = {
				LastSwiftUpdateCheck = 0830;
				LastUpgradeCheck = 0830;
				ORGANIZATIONNAME = "Roland Beke";
				TargetAttributes = {
					C0F791F81EF9C64F00DEE24C = {
						CreatedOnToolsVersion = 8.3.1;
						DevelopmentTeam = DV4J238V5A;
						ProvisioningStyle = Automatic;
					};
				};
			};
			buildConfigurationList = C0F791F41EF9C64F00DEE24C /* Build configuration list for PBXProject "ZentityTask" */;
			compatibilityVersion = "Xcode 3.2";
			developmentRegion = English;
			hasScannedForEncodings = 0;
			knownRegions = (
				en,
				Base,
			);
			mainGroup = C0F791F01EF9C64F00DEE24C;
			productRefGroup = C0F791FA1EF9C64F00DEE24C /* Products */;
			projectDirPath = "";
			projectRoot = "";
			targets = (
				C0F791F81EF9C64F00DEE24C /* ZentityTask */,
			);
		};
/* End PBXProject section */

/* Begin PBXResourcesBuildPhase section */
		C0F791F71EF9C64F00DEE24C /* Resources */ = {
			isa = PBXResourcesBuildPhase;
			buildActionMask = 2147483647;
			files = (
				C0F7920A1EF9C64F00DEE24C /* LaunchScreen.storyboard in Resources */,
				C0F792071EF9C64F00DEE24C /* Assets.xcassets in Resources */,
				C0F792021EF9C64F00DEE24C /* Main.storyboard in Resources */,
				C01B788E1F0ECE2A00C45440 /* BookNib.xib in Resources */,
			);
			runOnlyForDeploymentPostprocessing = 0;
		};
/* End PBXResourcesBuildPhase section */

/* Begin PBXSourcesBuildPhase section */
		C0F791F51EF9C64F00DEE24C /* Sources */ = {
			isa = PBXSourcesBuildPhase;
			buildActionMask = 2147483647;
			files = (
				C01B78971F0ED52600C45440 /* SplitHelper.swift in Sources */,
				C01B78991F14BD3100C45440 /* Extensions.swift in Sources */,
				C0F792121EF9CC8400DEE24C /* ShelfTableViewCell.swift in Sources */,
				C0F791FF1EF9C64F00DEE24C /* ViewController.swift in Sources */,
				C0F792051EF9C64F00DEE24C /* ZentityTask.xcdatamodeld in Sources */,
				C01B788D1F0ECE2A00C45440 /* BookView.swift in Sources */,
				C01B788C1F0ECE2A00C45440 /* Book.swift in Sources */,
				C0F791FD1EF9C64F00DEE24C /* AppDelegate.swift in Sources */,
				C01B78961F0ED52600C45440 /* DownloadHelper.swift in Sources */,
			);
			runOnlyForDeploymentPostprocessing = 0;
		};
/* End PBXSourcesBuildPhase section */

/* Begin PBXVariantGroup section */
		C0F792001EF9C64F00DEE24C /* Main.storyboard */ = {
			isa = PBXVariantGroup;
			children = (
				C0F792011EF9C64F00DEE24C /* Base */,
			);
			name = Main.storyboard;
			sourceTree = "<group>";
		};
		C0F792081EF9C64F00DEE24C /* LaunchScreen.storyboard */ = {
			isa = PBXVariantGroup;
			children = (
				C0F792091EF9C64F00DEE24C /* Base */,
			);
			name = LaunchScreen.storyboard;
			sourceTree = "<group>";
		};
/* End PBXVariantGroup section */

/* Begin XCBuildConfiguration section */
		C0F7920C1EF9C64F00DEE24C /* Debug */ = {
			isa = XCBuildConfiguration;
			buildSettings = {
				ALWAYS_SEARCH_USER_PATHS = NO;
				CLANG_ANALYZER_NONNULL = YES;
				CLANG_ANALYZER_NUMBER_OBJECT_CONVERSION = YES_AGGRESSIVE;
				CLANG_CXX_LANGUAGE_STANDARD = "gnu++0x";
				CLANG_CXX_LIBRARY = "libc++";
				CLANG_ENABLE_MODULES = YES;
				CLANG_ENABLE_OBJC_ARC = YES;
				CLANG_WARN_BOOL_CONVERSION = YES;
				CLANG_WARN_CONSTANT_CONVERSION = YES;
				CLANG_WARN_DIRECT_OBJC_ISA_USAGE = YES_ERROR;
				CLANG_WARN_DOCUMENTATION_COMMENTS = YES;
				CLANG_WARN_EMPTY_BODY = YES;
				CLANG_WARN_ENUM_CONVERSION = YES;
				CLANG_WARN_INFINITE_RECURSION = YES;
				CLANG_WARN_INT_CONVERSION = YES;
				CLANG_WARN_OBJC_ROOT_CLASS = YES_ERROR;
				CLANG_WARN_SUSPICIOUS_MOVE = YES;
				CLANG_WARN_UNREACHABLE_CODE = YES;
				CLANG_WARN__DUPLICATE_METHOD_MATCH = YES;
				"CODE_SIGN_IDENTITY[sdk=iphoneos*]" = "iPhone Developer";
				COPY_PHASE_STRIP = NO;
				DEBUG_INFORMATION_FORMAT = dwarf;
				ENABLE_STRICT_OBJC_MSGSEND = YES;
				ENABLE_TESTABILITY = YES;
				GCC_C_LANGUAGE_STANDARD = gnu99;
				GCC_DYNAMIC_NO_PIC = NO;
				GCC_NO_COMMON_BLOCKS = YES;
				GCC_OPTIMIZATION_LEVEL = 0;
				GCC_PREPROCESSOR_DEFINITIONS = (
					"DEBUG=1",
					"$(inherited)",
				);
				GCC_WARN_64_TO_32_BIT_CONVERSION = YES;
				GCC_WARN_ABOUT_RETURN_TYPE = YES_ERROR;
				GCC_WARN_UNDECLARED_SELECTOR = YES;
				GCC_WARN_UNINITIALIZED_AUTOS = YES_AGGRESSIVE;
				GCC_WARN_UNUSED_FUNCTION = YES;
				GCC_WARN_UNUSED_VARIABLE = YES;
				IPHONEOS_DEPLOYMENT_TARGET = 10.3;
				MTL_ENABLE_DEBUG_INFO = YES;
				ONLY_ACTIVE_ARCH = YES;
				SDKROOT = iphoneos;
				SWIFT_ACTIVE_COMPILATION_CONDITIONS = DEBUG;
				SWIFT_OPTIMIZATION_LEVEL = "-Onone";
			};
			name = Debug;
		};
		C0F7920D1EF9C64F00DEE24C /* Release */ = {
			isa = XCBuildConfiguration;
			buildSettings = {
				ALWAYS_SEARCH_USER_PATHS = NO;
				CLANG_ANALYZER_NONNULL = YES;
				CLANG_ANALYZER_NUMBER_OBJECT_CONVERSION = YES_AGGRESSIVE;
				CLANG_CXX_LANGUAGE_STANDARD = "gnu++0x";
				CLANG_CXX_LIBRARY = "libc++";
				CLANG_ENABLE_MODULES = YES;
				CLANG_ENABLE_OBJC_ARC = YES;
				CLANG_WARN_BOOL_CONVERSION = YES;
				CLANG_WARN_CONSTANT_CONVERSION = YES;
				CLANG_WARN_DIRECT_OBJC_ISA_USAGE = YES_ERROR;
				CLANG_WARN_DOCUMENTATION_COMMENTS = YES;
				CLANG_WARN_EMPTY_BODY = YES;
				CLANG_WARN_ENUM_CONVERSION = YES;
				CLANG_WARN_INFINITE_RECURSION = YES;
				CLANG_WARN_INT_CONVERSION = YES;
				CLANG_WARN_OBJC_ROOT_CLASS = YES_ERROR;
				CLANG_WARN_SUSPICIOUS_MOVE = YES;
				CLANG_WARN_UNREACHABLE_CODE = YES;
				CLANG_WARN__DUPLICATE_METHOD_MATCH = YES;
				"CODE_SIGN_IDENTITY[sdk=iphoneos*]" = "iPhone Developer";
				COPY_PHASE_STRIP = NO;
				DEBUG_INFORMATION_FORMAT = "dwarf-with-dsym";
				ENABLE_NS_ASSERTIONS = NO;
				ENABLE_STRICT_OBJC_MSGSEND = YES;
				GCC_C_LANGUAGE_STANDARD = gnu99;
				GCC_NO_COMMON_BLOCKS = YES;
				GCC_WARN_64_TO_32_BIT_CONVERSION = YES;
				GCC_WARN_ABOUT_RETURN_TYPE = YES_ERROR;
				GCC_WARN_UNDECLARED_SELECTOR = YES;
				GCC_WARN_UNINITIALIZED_AUTOS = YES_AGGRESSIVE;
				GCC_WARN_UNUSED_FUNCTION = YES;
				GCC_WARN_UNUSED_VARIABLE = YES;
				IPHONEOS_DEPLOYMENT_TARGET = 10.3;
				MTL_ENABLE_DEBUG_INFO = NO;
				SDKROOT = iphoneos;
				SWIFT_OPTIMIZATION_LEVEL = "-Owholemodule";
				VALIDATE_PRODUCT = YES;
			};
			name = Release;
		};
		C0F7920F1EF9C64F00DEE24C /* Debug */ = {
			isa = XCBuildConfiguration;
			buildSettings = {
				ASSETCATALOG_COMPILER_APPICON_NAME = AppIcon;
				DEVELOPMENT_TEAM = DV4J238V5A;
				INFOPLIST_FILE = ZentityTask/Info.plist;
				IPHONEOS_DEPLOYMENT_TARGET = 9.0;
				LD_RUNPATH_SEARCH_PATHS = "$(inherited) @executable_path/Frameworks";
				PRODUCT_BUNDLE_IDENTIFIER = "-roland-.ZentityTask";
				PRODUCT_NAME = "$(TARGET_NAME)";
				SWIFT_VERSION = 3.0;
				TARGETED_DEVICE_FAMILY = "1,2";
			};
			name = Debug;
		};
		C0F792101EF9C64F00DEE24C /* Release */ = {
			isa = XCBuildConfiguration;
			buildSettings = {
				ASSETCATALOG_COMPILER_APPICON_NAME = AppIcon;
				DEVELOPMENT_TEAM = DV4J238V5A;
				INFOPLIST_FILE = ZentityTask/Info.plist;
				IPHONEOS_DEPLOYMENT_TARGET = 9.0;
				LD_RUNPATH_SEARCH_PATHS = "$(inherited) @executable_path/Frameworks";
				PRODUCT_BUNDLE_IDENTIFIER = "-roland-.ZentityTask";
				PRODUCT_NAME = "$(TARGET_NAME)";
				SWIFT_VERSION = 3.0;
				TARGETED_DEVICE_FAMILY = "1,2";
			};
			name = Release;
		};
/* End XCBuildConfiguration section */

/* Begin XCConfigurationList section */
		C0F791F41EF9C64F00DEE24C /* Build configuration list for PBXProject "ZentityTask" */ = {
			isa = XCConfigurationList;
			buildConfigurations = (
				C0F7920C1EF9C64F00DEE24C /* Debug */,
				C0F7920D1EF9C64F00DEE24C /* Release */,
			);
			defaultConfigurationIsVisible = 0;
			defaultConfigurationName = Release;
		};
		C0F7920E1EF9C64F00DEE24C /* Build configuration list for PBXNativeTarget "ZentityTask" */ = {
			isa = XCConfigurationList;
			buildConfigurations = (
				C0F7920F1EF9C64F00DEE24C /* Debug */,
				C0F792101EF9C64F00DEE24C /* Release */,
			);
			defaultConfigurationIsVisible = 0;
			defaultConfigurationName = Release;
		};
/* End XCConfigurationList section */

/* Begin XCVersionGroup section */
		C0F792031EF9C64F00DEE24C /* ZentityTask.xcdatamodeld */ = {
			isa = XCVersionGroup;
			children = (
				C0F792041EF9C64F00DEE24C /* ZentityTask.xcdatamodel */,
			);
			currentVersion = C0F792041EF9C64F00DEE24C /* ZentityTask.xcdatamodel */;
			path = ZentityTask.xcdatamodeld;
			sourceTree = "<group>";
			versionGroupType = wrapper.xcdatamodel;
		};
/* End XCVersionGroup section */
	};
	rootObject = C0F791F11EF9C64F00DEE24C /* Project object */;
}
